
Microsoft Visual Studio Solution File, Format Version 12.00
# Visual Studio Version 17
VisualStudioVersion = 17.3.32819.101
MinimumVisualStudioVersion = 10.0.40219.1
Project("{FAE04EC0-301F-11D3-BF4B-00C04F79EFBC}") = "pantryBackend", "pantryBackend\pantryBackend.csproj", "{D3549653-18B2-4A08-A7E8-740F4E7C81D1}"
EndProject
Global
	GlobalSection(SolutionConfigurationPlatforms) = preSolution
		Debug|Any CPU = Debug|Any CPU
		Release|Any CPU = Release|Any CPU
	EndGlobalSection
	GlobalSection(ProjectConfigurationPlatforms) = postSolution
		{D3549653-18B2-4A08-A7E8-740F4E7C81D1}.Debug|Any CPU.ActiveCfg = Debug|Any CPU
		{D3549653-18B2-4A08-A7E8-740F4E7C81D1}.Debug|Any CPU.Build.0 = Debug|Any CPU
		{D3549653-18B2-4A08-A7E8-740F4E7C81D1}.Release|Any CPU.ActiveCfg = Release|Any CPU
		{D3549653-18B2-4A08-A7E8-740F4E7C81D1}.Release|Any CPU.Build.0 = Release|Any CPU
	EndGlobalSection
	GlobalSection(SolutionProperties) = preSolution
		HideSolutionNode = FALSE
	EndGlobalSection
	GlobalSection(ExtensibilityGlobals) = postSolution
		SolutionGuid = {10B8DDEC-405F-4EE2-AEE4-C91E003BEA4B}
	EndGlobalSection
EndGlobal
